
Microsoft Visual Studio Solution File, Format Version 12.00
# Visual Studio Version 16
VisualStudioVersion = 16.0.30611.23
MinimumVisualStudioVersion = 10.0.40219.1
Project("{FAE04EC0-301F-11D3-BF4B-00C04F79EFBC}") = "dotNet_00_5943_5565", "dotNet_00_5943_5565\dotNet_00_5943_5565.csproj", "{86F2BFBB-3FBE-43B2-A96E-E395C7F7FD89}"
EndProject
Project("{FAE04EC0-301F-11D3-BF4B-00C04F79EFBC}") = "dotNet5781_01_5943_5565", "dotNet5781_01_5943_5565\dotNet5781_01_5943_5565.csproj", "{EDF7122A-5586-41C7-B291-09F723C4DAC3}"
EndProject
Project("{FAE04EC0-301F-11D3-BF4B-00C04F79EFBC}") = "dotNet5781_02_5943_5565", "dotNet5781_02_5943_5565\dotNet5781_02_5943_5565.csproj", "{9563DF23-46F2-42DA-8F6A-7B0FE6622453}"
EndProject
Project("{FAE04EC0-301F-11D3-BF4B-00C04F79EFBC}") = "dotNet5781_03A_5943_5565", "dotNet5781_03A_5943_5565\dotNet5781_03A_5943_5565.csproj", "{9C88482E-31B3-4B21-9AD9-2B273CDF2164}"
EndProject
Project("{FAE04EC0-301F-11D3-BF4B-00C04F79EFBC}") = "dotNet5781_03B_5943_5565", "dotNet5781_03B_5943_5565\dotNet5781_03B_5943_5565.csproj", "{2D96E32C-819C-4964-B95E-3BC7AA4884E6}"
EndProject
Project("{FAE04EC0-301F-11D3-BF4B-00C04F79EFBC}") = "PL_WPF", "PL\PL_WPF.csproj", "{2CFD97E6-D5CC-4F0D-A3CC-CCD857073DA0}"
EndProject
Project("{FAE04EC0-301F-11D3-BF4B-00C04F79EFBC}") = "DLObject", "DLObject\DLObject.csproj", "{CC93340B-AEB0-4D99-B6B0-3F00AE73D77A}"
EndProject
Project("{FAE04EC0-301F-11D3-BF4B-00C04F79EFBC}") = "DLAPI", "DLAPI\DLAPI.csproj", "{73722C57-97C0-4080-B0C2-8CB0DE6DD790}"
EndProject
Project("{FAE04EC0-301F-11D3-BF4B-00C04F79EFBC}") = "DS", "DS\DS.csproj", "{AF37E03F-75E4-4AB3-9A52-F94D36AEC44B}"
EndProject
Project("{FAE04EC0-301F-11D3-BF4B-00C04F79EFBC}") = "BL", "BL\BL.csproj", "{E9498425-07F4-4A1A-9790-3349B210EED1}"
EndProject
Project("{2150E333-8FDC-42A3-9474-1A3956D46DE8}") = "Solution Items", "Solution Items", "{9711B708-819D-4788-9FC8-3732561113B4}"
	ProjectSection(SolutionItems) = preProject
		config.xml = config.xml
	EndProjectSection
EndProject
Global
	GlobalSection(SolutionConfigurationPlatforms) = preSolution
		Debug|Any CPU = Debug|Any CPU
		Release|Any CPU = Release|Any CPU
	EndGlobalSection
	GlobalSection(ProjectConfigurationPlatforms) = postSolution
		{86F2BFBB-3FBE-43B2-A96E-E395C7F7FD89}.Debug|Any CPU.ActiveCfg = Debug|Any CPU
		{86F2BFBB-3FBE-43B2-A96E-E395C7F7FD89}.Debug|Any CPU.Build.0 = Debug|Any CPU
		{86F2BFBB-3FBE-43B2-A96E-E395C7F7FD89}.Release|Any CPU.ActiveCfg = Release|Any CPU
		{86F2BFBB-3FBE-43B2-A96E-E395C7F7FD89}.Release|Any CPU.Build.0 = Release|Any CPU
		{EDF7122A-5586-41C7-B291-09F723C4DAC3}.Debug|Any CPU.ActiveCfg = Debug|Any CPU
		{EDF7122A-5586-41C7-B291-09F723C4DAC3}.Debug|Any CPU.Build.0 = Debug|Any CPU
		{EDF7122A-5586-41C7-B291-09F723C4DAC3}.Release|Any CPU.ActiveCfg = Release|Any CPU
		{EDF7122A-5586-41C7-B291-09F723C4DAC3}.Release|Any CPU.Build.0 = Release|Any CPU
		{9563DF23-46F2-42DA-8F6A-7B0FE6622453}.Debug|Any CPU.ActiveCfg = Debug|Any CPU
		{9563DF23-46F2-42DA-8F6A-7B0FE6622453}.Debug|Any CPU.Build.0 = Debug|Any CPU
		{9563DF23-46F2-42DA-8F6A-7B0FE6622453}.Release|Any CPU.ActiveCfg = Release|Any CPU
		{9563DF23-46F2-42DA-8F6A-7B0FE6622453}.Release|Any CPU.Build.0 = Release|Any CPU
		{9C88482E-31B3-4B21-9AD9-2B273CDF2164}.Debug|Any CPU.ActiveCfg = Debug|Any CPU
		{9C88482E-31B3-4B21-9AD9-2B273CDF2164}.Debug|Any CPU.Build.0 = Debug|Any CPU
		{9C88482E-31B3-4B21-9AD9-2B273CDF2164}.Release|Any CPU.ActiveCfg = Release|Any CPU
		{9C88482E-31B3-4B21-9AD9-2B273CDF2164}.Release|Any CPU.Build.0 = Release|Any CPU
		{2D96E32C-819C-4964-B95E-3BC7AA4884E6}.Debug|Any CPU.ActiveCfg = Debug|Any CPU
		{2D96E32C-819C-4964-B95E-3BC7AA4884E6}.Debug|Any CPU.Build.0 = Debug|Any CPU
		{2D96E32C-819C-4964-B95E-3BC7AA4884E6}.Release|Any CPU.ActiveCfg = Release|Any CPU
		{2D96E32C-819C-4964-B95E-3BC7AA4884E6}.Release|Any CPU.Build.0 = Release|Any CPU
		{2CFD97E6-D5CC-4F0D-A3CC-CCD857073DA0}.Debug|Any CPU.ActiveCfg = Debug|Any CPU
		{2CFD97E6-D5CC-4F0D-A3CC-CCD857073DA0}.Debug|Any CPU.Build.0 = Debug|Any CPU
		{2CFD97E6-D5CC-4F0D-A3CC-CCD857073DA0}.Release|Any CPU.ActiveCfg = Release|Any CPU
		{2CFD97E6-D5CC-4F0D-A3CC-CCD857073DA0}.Release|Any CPU.Build.0 = Release|Any CPU
		{CC93340B-AEB0-4D99-B6B0-3F00AE73D77A}.Debug|Any CPU.ActiveCfg = Debug|Any CPU
		{CC93340B-AEB0-4D99-B6B0-3F00AE73D77A}.Debug|Any CPU.Build.0 = Debug|Any CPU
		{CC93340B-AEB0-4D99-B6B0-3F00AE73D77A}.Release|Any CPU.ActiveCfg = Release|Any CPU
		{CC93340B-AEB0-4D99-B6B0-3F00AE73D77A}.Release|Any CPU.Build.0 = Release|Any CPU
		{73722C57-97C0-4080-B0C2-8CB0DE6DD790}.Debug|Any CPU.ActiveCfg = Debug|Any CPU
		{73722C57-97C0-4080-B0C2-8CB0DE6DD790}.Debug|Any CPU.Build.0 = Debug|Any CPU
		{73722C57-97C0-4080-B0C2-8CB0DE6DD790}.Release|Any CPU.ActiveCfg = Release|Any CPU
		{73722C57-97C0-4080-B0C2-8CB0DE6DD790}.Release|Any CPU.Build.0 = Release|Any CPU
		{AF37E03F-75E4-4AB3-9A52-F94D36AEC44B}.Debug|Any CPU.ActiveCfg = Debug|Any CPU
		{AF37E03F-75E4-4AB3-9A52-F94D36AEC44B}.Debug|Any CPU.Build.0 = Debug|Any CPU
		{AF37E03F-75E4-4AB3-9A52-F94D36AEC44B}.Release|Any CPU.ActiveCfg = Release|Any CPU
		{AF37E03F-75E4-4AB3-9A52-F94D36AEC44B}.Release|Any CPU.Build.0 = Release|Any CPU
		{E9498425-07F4-4A1A-9790-3349B210EED1}.Debug|Any CPU.ActiveCfg = Debug|Any CPU
		{E9498425-07F4-4A1A-9790-3349B210EED1}.Debug|Any CPU.Build.0 = Debug|Any CPU
		{E9498425-07F4-4A1A-9790-3349B210EED1}.Release|Any CPU.ActiveCfg = Release|Any CPU
		{E9498425-07F4-4A1A-9790-3349B210EED1}.Release|Any CPU.Build.0 = Release|Any CPU
	EndGlobalSection
	GlobalSection(SolutionProperties) = preSolution
		HideSolutionNode = FALSE
	EndGlobalSection
	GlobalSection(ExtensibilityGlobals) = postSolution
		SolutionGuid = {2D320020-7DA5-4762-AEA0-1A029A503522}
	EndGlobalSection
EndGlobal
