
Microsoft Visual Studio Solution File, Format Version 12.00
# Visual Studio Version 16
VisualStudioVersion = 16.0.30611.23
MinimumVisualStudioVersion = 10.0.40219.1
Project("{FAE04EC0-301F-11D3-BF4B-00C04F79EFBC}") = "dotNet_00_5943_5565", "dotNet_00_5943_5565\dotNet_00_5943_5565.csproj", "{86F2BFBB-3FBE-43B2-A96E-E395C7F7FD89}"
EndProject
Project("{FAE04EC0-301F-11D3-BF4B-00C04F79EFBC}") = "dotNet5781_01_5943_5565", "dotNet5781_01_5943_5565\dotNet5781_01_5943_5565.csproj", "{EDF7122A-5586-41C7-B291-09F723C4DAC3}"
EndProject
Project("{FAE04EC0-301F-11D3-BF4B-00C04F79EFBC}") = "dotNet5781_02_5943_5565", "dotNet5781_02_5943_5565\dotNet5781_02_5943_5565.csproj", "{9563DF23-46F2-42DA-8F6A-7B0FE6622453}"
EndProject
Project("{FAE04EC0-301F-11D3-BF4B-00C04F79EFBC}") = "dotNet5781_03A_5943_5565", "dotNet5781_03A_5943_5565\dotNet5781_03A_5943_5565.csproj", "{9C88482E-31B3-4B21-9AD9-2B273CDF2164}"
EndProject
Global
	GlobalSection(SolutionConfigurationPlatforms) = preSolution
		Debug|Any CPU = Debug|Any CPU
		Release|Any CPU = Release|Any CPU
	EndGlobalSection
	GlobalSection(ProjectConfigurationPlatforms) = postSolution
		{86F2BFBB-3FBE-43B2-A96E-E395C7F7FD89}.Debug|Any CPU.ActiveCfg = Debug|Any CPU
		{86F2BFBB-3FBE-43B2-A96E-E395C7F7FD89}.Debug|Any CPU.Build.0 = Debug|Any CPU
		{86F2BFBB-3FBE-43B2-A96E-E395C7F7FD89}.Release|Any CPU.ActiveCfg = Release|Any CPU
		{86F2BFBB-3FBE-43B2-A96E-E395C7F7FD89}.Release|Any CPU.Build.0 = Release|Any CPU
		{EDF7122A-5586-41C7-B291-09F723C4DAC3}.Debug|Any CPU.ActiveCfg = Debug|Any CPU
		{EDF7122A-5586-41C7-B291-09F723C4DAC3}.Debug|Any CPU.Build.0 = Debug|Any CPU
		{EDF7122A-5586-41C7-B291-09F723C4DAC3}.Release|Any CPU.ActiveCfg = Release|Any CPU
		{EDF7122A-5586-41C7-B291-09F723C4DAC3}.Release|Any CPU.Build.0 = Release|Any CPU
		{9563DF23-46F2-42DA-8F6A-7B0FE6622453}.Debug|Any CPU.ActiveCfg = Debug|Any CPU
		{9563DF23-46F2-42DA-8F6A-7B0FE6622453}.Debug|Any CPU.Build.0 = Debug|Any CPU
		{9563DF23-46F2-42DA-8F6A-7B0FE6622453}.Release|Any CPU.ActiveCfg = Release|Any CPU
		{9563DF23-46F2-42DA-8F6A-7B0FE6622453}.Release|Any CPU.Build.0 = Release|Any CPU
		{9C88482E-31B3-4B21-9AD9-2B273CDF2164}.Debug|Any CPU.ActiveCfg = Debug|Any CPU
		{9C88482E-31B3-4B21-9AD9-2B273CDF2164}.Debug|Any CPU.Build.0 = Debug|Any CPU
		{9C88482E-31B3-4B21-9AD9-2B273CDF2164}.Release|Any CPU.ActiveCfg = Release|Any CPU
		{9C88482E-31B3-4B21-9AD9-2B273CDF2164}.Release|Any CPU.Build.0 = Release|Any CPU
	EndGlobalSection
	GlobalSection(SolutionProperties) = preSolution
		HideSolutionNode = FALSE
	EndGlobalSection
	GlobalSection(ExtensibilityGlobals) = postSolution
		SolutionGuid = {2D320020-7DA5-4762-AEA0-1A029A503522}
	EndGlobalSection
EndGlobal
